{
  "name": "netlify-functions",
  "version": "1.0.0",
  "lockfileVersion": 1,
  "requires": true,
  "dependencies": {
    "node-fecth": {
      "version": "0.0.1-security",
      "resolved": "https://registry.npmjs.org/node-fecth/-/node-fecth-0.0.1-security.tgz",
      "integrity": "sha512-7YRxL4a1aV2Up7f7pxaQU70wNXpA2X5IRyiMRB0OreG2jhLH3C4olv6t5sEExEX4kOeq4181wwFegDmNAlfQPg=="
    }
  }
}
